// !$*UTF8*$!
{
	archiveVersion = 1;
	classes = {
	};
	objectVersion = 56;
	objects = {

/* Begin PBXBuildFile section */
		4D9FC36AB8E2175000000001 /* CarMeetMVPApp.swift in Sources */ = {isa = PBXBuildFile; fileRef = 4D9FC36AB8E2175000000002 /* CarMeetMVPApp.swift */; };
		2D074AE95BC8F36100000001 /* AppModels.swift in Sources */ = {isa = PBXBuildFile; fileRef = 2D074AE95BC8F36100000002 /* AppModels.swift */; };
		615C72DA38F0BE9400000001 /* MockCarSocialStore.swift in Sources */ = {isa = PBXBuildFile; fileRef = 615C72DA38F0BE9400000002 /* MockCarSocialStore.swift */; };
		9BEDF5C18764A03200000001 /* AppTabView.swift in Sources */ = {isa = PBXBuildFile; fileRef = 9BEDF5C18764A03200000002 /* AppTabView.swift */; };
		EBCD865A417F039200000001 /* HomeView.swift in Sources */ = {isa = PBXBuildFile; fileRef = EBCD865A417F039200000002 /* HomeView.swift */; };
		536ABF982E104CD700000001 /* CarDetailView.swift in Sources */ = {isa = PBXBuildFile; fileRef = 536ABF982E104CD700000002 /* CarDetailView.swift */; };
		DA20C68539B47E1F00000001 /* EventsView.swift in Sources */ = {isa = PBXBuildFile; fileRef = DA20C68539B47E1F00000002 /* EventsView.swift */; };
		FD0E641A732895CB00000001 /* CreateMeetView.swift in Sources */ = {isa = PBXBuildFile; fileRef = FD0E641A732895CB00000002 /* CreateMeetView.swift */; };
		20147FB6DA93E8C500000001 /* MeetMapView.swift in Sources */ = {isa = PBXBuildFile; fileRef = 20147FB6DA93E8C500000002 /* MeetMapView.swift */; };
		C5BE3F10684D2A9700000001 /* ProfileView.swift in Sources */ = {isa = PBXBuildFile; fileRef = C5BE3F10684D2A9700000002 /* ProfileView.swift */; };
		7042B5EA8FDC369100000001 /* Assets.xcassets in Resources */ = {isa = PBXBuildFile; fileRef = 7042B5EA8FDC369100000002 /* Assets.xcassets */; };
/* End PBXBuildFile section */

/* Begin PBXFileReference section */
		03EC79B6F8425A1D00000001 /* CarMeetMVP.app */ = {isa = PBXFileReference; explicitFileType = wrapper.application; includeInIndex = 0; path = CarMeetMVP.app; sourceTree = BUILT_PRODUCTS_DIR; };
		4D9FC36AB8E2175000000002 /* CarMeetMVPApp.swift */ = {isa = PBXFileReference; lastKnownFileType = sourcecode.swift; path = CarMeetMVPApp.swift; sourceTree = "<group>"; };
		2D074AE95BC8F36100000002 /* AppModels.swift */ = {isa = PBXFileReference; lastKnownFileType = sourcecode.swift; path = AppModels.swift; sourceTree = "<group>"; };
		615C72DA38F0BE9400000002 /* MockCarSocialStore.swift */ = {isa = PBXFileReference; lastKnownFileType = sourcecode.swift; path = MockCarSocialStore.swift; sourceTree = "<group>"; };
		9BEDF5C18764A03200000002 /* AppTabView.swift */ = {isa = PBXFileReference; lastKnownFileType = sourcecode.swift; path = AppTabView.swift; sourceTree = "<group>"; };
		EBCD865A417F039200000002 /* HomeView.swift */ = {isa = PBXFileReference; lastKnownFileType = sourcecode.swift; path = HomeView.swift; sourceTree = "<group>"; };
		536ABF982E104CD700000002 /* CarDetailView.swift */ = {isa = PBXFileReference; lastKnownFileType = sourcecode.swift; path = CarDetailView.swift; sourceTree = "<group>"; };
		DA20C68539B47E1F00000002 /* EventsView.swift */ = {isa = PBXFileReference; lastKnownFileType = sourcecode.swift; path = EventsView.swift; sourceTree = "<group>"; };
		FD0E641A732895CB00000002 /* CreateMeetView.swift */ = {isa = PBXFileReference; lastKnownFileType = sourcecode.swift; path = CreateMeetView.swift; sourceTree = "<group>"; };
		20147FB6DA93E8C500000002 /* MeetMapView.swift */ = {isa = PBXFileReference; lastKnownFileType = sourcecode.swift; path = MeetMapView.swift; sourceTree = "<group>"; };
		C5BE3F10684D2A9700000002 /* ProfileView.swift */ = {isa = PBXFileReference; lastKnownFileType = sourcecode.swift; path = ProfileView.swift; sourceTree = "<group>"; };
		7042B5EA8FDC369100000002 /* Assets.xcassets */ = {isa = PBXFileReference; lastKnownFileType = folder.assetcatalog; path = Assets.xcassets; sourceTree = "<group>"; };
/* End PBXFileReference section */

/* Begin PBXFrameworksBuildPhase section */
		71685B4DEC390FA200000001 /* Frameworks */ = {
			isa = PBXFrameworksBuildPhase;
			buildActionMask = 2147483647;
			files = (
			);
			runOnlyForDeploymentPostprocessing = 0;
		};
/* End PBXFrameworksBuildPhase section */

/* Begin PBXGroup section */
		73F241CADB058E9600000001 = {
			isa = PBXGroup;
			children = (
				1FC496B8E705A3D200000001 /* CarMeetMVP */,
				C86254EF037AD91B00000001 /* Products */,
			);
			sourceTree = "<group>";
		};
		1FC496B8E705A3D200000001 /* CarMeetMVP */ = {
			isa = PBXGroup;
			children = (
				4D9FC36AB8E2175000000002 /* CarMeetMVPApp.swift */,
				E56B2C394AD8701F00000001 /* Models */,
				17B64F2AC953DE0800000001 /* Data */,
				128EC740D953B6AF00000001 /* Views */,
				7042B5EA8FDC369100000002 /* Assets.xcassets */,
			);
			path = CarMeetMVP;
			sourceTree = "<group>";
		};
		E56B2C394AD8701F00000001 /* Models */ = {
			isa = PBXGroup;
			children = (
				2D074AE95BC8F36100000002 /* AppModels.swift */,
			);
			path = Models;
			sourceTree = "<group>";
		};
		17B64F2AC953DE0800000001 /* Data */ = {
			isa = PBXGroup;
			children = (
				615C72DA38F0BE9400000002 /* MockCarSocialStore.swift */,
			);
			path = Data;
			sourceTree = "<group>";
		};
		128EC740D953B6AF00000001 /* Views */ = {
			isa = PBXGroup;
			children = (
				9BEDF5C18764A03200000002 /* AppTabView.swift */,
				EBCD865A417F039200000002 /* HomeView.swift */,
				536ABF982E104CD700000002 /* CarDetailView.swift */,
				DA20C68539B47E1F00000002 /* EventsView.swift */,
				FD0E641A732895CB00000002 /* CreateMeetView.swift */,
				20147FB6DA93E8C500000002 /* MeetMapView.swift */,
				C5BE3F10684D2A9700000002 /* ProfileView.swift */,
			);
			path = Views;
			sourceTree = "<group>";
		};
		C86254EF037AD91B00000001 /* Products */ = {
			isa = PBXGroup;
			children = (
				03EC79B6F8425A1D00000001 /* CarMeetMVP.app */,
			);
			name = Products;
			sourceTree = "<group>";
		};
/* End PBXGroup section */

/* Begin PBXNativeTarget section */
		750D1A3C29F8B4E600000001 /* CarMeetMVP */ = {
			isa = PBXNativeTarget;
			buildConfigurationList = B9ED0A746C1F325800000001 /* Build configuration list for PBXNativeTarget "CarMeetMVP" */;
			buildPhases = (
				3A9256FE0817C4DB00000001 /* Sources */,
				71685B4DEC390FA200000001 /* Frameworks */,
				DBE864130FA2759C00000001 /* Resources */,
			);
			buildRules = (
			);
			dependencies = (
			);
			name = CarMeetMVP;
			productName = CarMeetMVP;
			productReference = 03EC79B6F8425A1D00000001 /* CarMeetMVP.app */;
			productType = "com.apple.product-type.application";
		};
/* End PBXNativeTarget section */

/* Begin PBXProject section */
		930E2B5A4F8C716D00000001 /* Project object */ = {
			isa = PBXProject;
			attributes = {
				BuildIndependentTargetsInParallel = 1;
				LastSwiftUpdateCheck = 1600;
				LastUpgradeCheck = 1600;
				TargetAttributes = {
					750D1A3C29F8B4E600000001 = {
						CreatedOnToolsVersion = 16.0;
					};
				};
			};
			buildConfigurationList = 45A30FDEBC97682100000001 /* Build configuration list for PBXProject "CarMeetMVP" */;
			compatibilityVersion = "Xcode 14.0";
			developmentRegion = en;
			hasScannedForEncodings = 0;
			knownRegions = (
				en,
				Base,
			);
			mainGroup = 73F241CADB058E9600000001;
			productRefGroup = C86254EF037AD91B00000001 /* Products */;
			projectDirPath = "";
			projectRoot = "";
			targets = (
				750D1A3C29F8B4E600000001 /* CarMeetMVP */,
			);
		};
/* End PBXProject section */

/* Begin PBXResourcesBuildPhase section */
		DBE864130FA2759C00000001 /* Resources */ = {
			isa = PBXResourcesBuildPhase;
			buildActionMask = 2147483647;
			files = (
				7042B5EA8FDC369100000001 /* Assets.xcassets in Resources */,
			);
			runOnlyForDeploymentPostprocessing = 0;
		};
/* End PBXResourcesBuildPhase section */

/* Begin PBXSourcesBuildPhase section */
		3A9256FE0817C4DB00000001 /* Sources */ = {
			isa = PBXSourcesBuildPhase;
			buildActionMask = 2147483647;
			files = (
				4D9FC36AB8E2175000000001 /* CarMeetMVPApp.swift in Sources */,
				2D074AE95BC8F36100000001 /* AppModels.swift in Sources */,
				615C72DA38F0BE9400000001 /* MockCarSocialStore.swift in Sources */,
				9BEDF5C18764A03200000001 /* AppTabView.swift in Sources */,
				EBCD865A417F039200000001 /* HomeView.swift in Sources */,
				536ABF982E104CD700000001 /* CarDetailView.swift in Sources */,
				DA20C68539B47E1F00000001 /* EventsView.swift in Sources */,
				FD0E641A732895CB00000001 /* CreateMeetView.swift in Sources */,
				20147FB6DA93E8C500000001 /* MeetMapView.swift in Sources */,
				C5BE3F10684D2A9700000001 /* ProfileView.swift in Sources */,
			);
			runOnlyForDeploymentPostprocessing = 0;
		};
/* End PBXSourcesBuildPhase section */

/* Begin XCBuildConfiguration section */
		298BD1CFA350476E00000001 /* Debug */ = {
			isa = XCBuildConfiguration;
			buildSettings = {
				ALWAYS_SEARCH_USER_PATHS = NO;
				CLANG_ANALYZER_NONNULL = YES;
				CLANG_ANALYZER_NUMBER_OBJECT_CONVERSION = YES_AGGRESSIVE;
				CLANG_CXX_LANGUAGE_STANDARD = "gnu++20";
				CLANG_ENABLE_MODULES = YES;
				CLANG_ENABLE_OBJC_ARC = YES;
				CLANG_ENABLE_OBJC_WEAK = YES;
				CLANG_WARN_BLOCK_CAPTURE_AUTORELEASING = YES;
				CLANG_WARN_BOOL_CONVERSION = YES;
				CLANG_WARN_COMMA = YES;
				CLANG_WARN_CONSTANT_CONVERSION = YES;
				CLANG_WARN_DEPRECATED_OBJC_IMPLEMENTATIONS = YES;
				CLANG_WARN_DIRECT_OBJC_ISA_USAGE = YES_ERROR;
				CLANG_WARN_DOCUMENTATION_COMMENTS = YES;
				CLANG_WARN_EMPTY_BODY = YES;
				CLANG_WARN_ENUM_CONVERSION = YES;
				CLANG_WARN_INFINITE_RECURSION = YES;
				CLANG_WARN_INT_CONVERSION = YES;
				CLANG_WARN_NON_LITERAL_NULL_CONVERSION = YES;
				CLANG_WARN_OBJC_IMPLICIT_RETAIN_SELF = YES;
				CLANG_WARN_OBJC_LITERAL_CONVERSION = YES;
				CLANG_WARN_OBJC_ROOT_CLASS = YES_ERROR;
				CLANG_WARN_QUOTED_INCLUDE_IN_FRAMEWORK_HEADER = YES;
				CLANG_WARN_RANGE_LOOP_ANALYSIS = YES;
				CLANG_WARN_STRICT_PROTOTYPES = YES;
				CLANG_WARN_SUSPICIOUS_MOVE = YES;
				CLANG_WARN_UNGUARDED_AVAILABILITY = YES_AGGRESSIVE;
				CLANG_WARN_UNREACHABLE_CODE = YES;
				CLANG_WARN__DUPLICATE_METHOD_MATCH = YES;
				COPY_PHASE_STRIP = NO;
				DEBUG_INFORMATION_FORMAT = dwarf;
				ENABLE_STRICT_OBJC_MSGSEND = YES;
				ENABLE_TESTABILITY = YES;
				ENABLE_USER_SCRIPT_SANDBOXING = YES;
				GCC_C_LANGUAGE_STANDARD = gnu17;
				GCC_DYNAMIC_NO_PIC = NO;
				GCC_NO_COMMON_BLOCKS = YES;
				GCC_OPTIMIZATION_LEVEL = 0;
				GCC_PREPROCESSOR_DEFINITIONS = (
					"DEBUG=1",
					"$(inherited)",
				);
				GCC_WARN_64_TO_32_BIT_CONVERSION = YES;
				GCC_WARN_ABOUT_RETURN_TYPE = YES_ERROR;
				GCC_WARN_UNDECLARED_SELECTOR = YES;
				GCC_WARN_UNINITIALIZED_AUTOS = YES_AGGRESSIVE;
				GCC_WARN_UNUSED_FUNCTION = YES;
				GCC_WARN_UNUSED_VARIABLE = YES;
				IPHONEOS_DEPLOYMENT_TARGET = 17.0;
				MTL_ENABLE_DEBUG_INFO = INCLUDE_SOURCE;
				MTL_FAST_MATH = YES;
				ONLY_ACTIVE_ARCH = YES;
				SDKROOT = iphoneos;
				SWIFT_ACTIVE_COMPILATION_CONDITIONS = DEBUG;
				SWIFT_EMIT_LOC_STRINGS = YES;
				SWIFT_OPTIMIZATION_LEVEL = "-Onone";
			};
			name = Debug;
		};
		2A6BC9105F47DE8300000001 /* Release */ = {
			isa = XCBuildConfiguration;
			buildSettings = {
				ALWAYS_SEARCH_USER_PATHS = NO;
				CLANG_ANALYZER_NONNULL = YES;
				CLANG_ANALYZER_NUMBER_OBJECT_CONVERSION = YES_AGGRESSIVE;
				CLANG_CXX_LANGUAGE_STANDARD = "gnu++20";
				CLANG_ENABLE_MODULES = YES;
				CLANG_ENABLE_OBJC_ARC = YES;
				CLANG_ENABLE_OBJC_WEAK = YES;
				CLANG_WARN_BLOCK_CAPTURE_AUTORELEASING = YES;
				CLANG_WARN_BOOL_CONVERSION = YES;
				CLANG_WARN_COMMA = YES;
				CLANG_WARN_CONSTANT_CONVERSION = YES;
				CLANG_WARN_DEPRECATED_OBJC_IMPLEMENTATIONS = YES;
				CLANG_WARN_DIRECT_OBJC_ISA_USAGE = YES_ERROR;
				CLANG_WARN_DOCUMENTATION_COMMENTS = YES;
				CLANG_WARN_EMPTY_BODY = YES;
				CLANG_WARN_ENUM_CONVERSION = YES;
				CLANG_WARN_INFINITE_RECURSION = YES;
				CLANG_WARN_INT_CONVERSION = YES;
				CLANG_WARN_NON_LITERAL_NULL_CONVERSION = YES;
				CLANG_WARN_OBJC_IMPLICIT_RETAIN_SELF = YES;
				CLANG_WARN_OBJC_LITERAL_CONVERSION = YES;
				CLANG_WARN_OBJC_ROOT_CLASS = YES_ERROR;
				CLANG_WARN_QUOTED_INCLUDE_IN_FRAMEWORK_HEADER = YES;
				CLANG_WARN_RANGE_LOOP_ANALYSIS = YES;
				CLANG_WARN_STRICT_PROTOTYPES = YES;
				CLANG_WARN_SUSPICIOUS_MOVE = YES;
				CLANG_WARN_UNGUARDED_AVAILABILITY = YES_AGGRESSIVE;
				CLANG_WARN_UNREACHABLE_CODE = YES;
				CLANG_WARN__DUPLICATE_METHOD_MATCH = YES;
				COPY_PHASE_STRIP = NO;
				DEBUG_INFORMATION_FORMAT = "dwarf-with-dsym";
				ENABLE_NS_ASSERTIONS = NO;
				ENABLE_STRICT_OBJC_MSGSEND = YES;
				ENABLE_USER_SCRIPT_SANDBOXING = YES;
				GCC_C_LANGUAGE_STANDARD = gnu17;
				GCC_NO_COMMON_BLOCKS = YES;
				GCC_WARN_64_TO_32_BIT_CONVERSION = YES;
				GCC_WARN_ABOUT_RETURN_TYPE = YES_ERROR;
				GCC_WARN_UNDECLARED_SELECTOR = YES;
				GCC_WARN_UNINITIALIZED_AUTOS = YES_AGGRESSIVE;
				GCC_WARN_UNUSED_FUNCTION = YES;
				GCC_WARN_UNUSED_VARIABLE = YES;
				IPHONEOS_DEPLOYMENT_TARGET = 17.0;
				MTL_ENABLE_DEBUG_INFO = NO;
				MTL_FAST_MATH = YES;
				SDKROOT = iphoneos;
				SWIFT_COMPILATION_MODE = wholemodule;
				SWIFT_EMIT_LOC_STRINGS = YES;
				VALIDATE_PRODUCT = YES;
			};
			name = Release;
		};
		92BAF146EC05D83700000001 /* Debug */ = {
			isa = XCBuildConfiguration;
			buildSettings = {
				ASSETCATALOG_COMPILER_GLOBAL_ACCENT_COLOR_NAME = AccentColor;
				CODE_SIGN_STYLE = Automatic;
				CURRENT_PROJECT_VERSION = 1;
				DEVELOPMENT_ASSET_PATHS = "";
				GENERATE_INFOPLIST_FILE = YES;
				INFOPLIST_KEY_CFBundleDisplayName = CarMeet;
				INFOPLIST_KEY_UIApplicationSceneManifest_Generation = YES;
				INFOPLIST_KEY_UIApplicationSupportsIndirectInputEvents = YES;
				INFOPLIST_KEY_UILaunchScreen_Generation = YES;
				INFOPLIST_KEY_UISupportedInterfaceOrientations_iPad = "UIInterfaceOrientationPortrait UIInterfaceOrientationPortraitUpsideDown UIInterfaceOrientationLandscapeLeft UIInterfaceOrientationLandscapeRight";
				INFOPLIST_KEY_UISupportedInterfaceOrientations_iPhone = "UIInterfaceOrientationPortrait UIInterfaceOrientationLandscapeLeft UIInterfaceOrientationLandscapeRight";
				IPHONEOS_DEPLOYMENT_TARGET = 17.0;
				LD_RUNPATH_SEARCH_PATHS = (
					"$(inherited)",
					"@executable_path/Frameworks",
				);
				MARKETING_VERSION = 1.0;
				PRODUCT_BUNDLE_IDENTIFIER = com.example.CarMeetMVP;
				PRODUCT_NAME = "$(TARGET_NAME)";
				SWIFT_VERSION = 5.0;
				TARGETED_DEVICE_FAMILY = "1,2";
			};
			name = Debug;
		};
		6058413E72CDFBA900000001 /* Release */ = {
			isa = XCBuildConfiguration;
			buildSettings = {
				ASSETCATALOG_COMPILER_GLOBAL_ACCENT_COLOR_NAME = AccentColor;
				CODE_SIGN_STYLE = Automatic;
				CURRENT_PROJECT_VERSION = 1;
				DEVELOPMENT_ASSET_PATHS = "";
				GENERATE_INFOPLIST_FILE = YES;
				INFOPLIST_KEY_CFBundleDisplayName = CarMeet;
				INFOPLIST_KEY_UIApplicationSceneManifest_Generation = YES;
				INFOPLIST_KEY_UIApplicationSupportsIndirectInputEvents = YES;
				INFOPLIST_KEY_UILaunchScreen_Generation = YES;
				INFOPLIST_KEY_UISupportedInterfaceOrientations_iPad = "UIInterfaceOrientationPortrait UIInterfaceOrientationPortraitUpsideDown UIInterfaceOrientationLandscapeLeft UIInterfaceOrientationLandscapeRight";
				INFOPLIST_KEY_UISupportedInterfaceOrientations_iPhone = "UIInterfaceOrientationPortrait UIInterfaceOrientationLandscapeLeft UIInterfaceOrientationLandscapeRight";
				IPHONEOS_DEPLOYMENT_TARGET = 17.0;
				LD_RUNPATH_SEARCH_PATHS = (
					"$(inherited)",
					"@executable_path/Frameworks",
				);
				MARKETING_VERSION = 1.0;
				PRODUCT_BUNDLE_IDENTIFIER = com.example.CarMeetMVP;
				PRODUCT_NAME = "$(TARGET_NAME)";
				SWIFT_VERSION = 5.0;
				TARGETED_DEVICE_FAMILY = "1,2";
			};
			name = Release;
		};
/* End XCBuildConfiguration section */

/* Begin XCConfigurationList section */
		45A30FDEBC97682100000001 /* Build configuration list for PBXProject "CarMeetMVP" */ = {
			isa = XCConfigurationList;
			buildConfigurations = (
				298BD1CFA350476E00000001 /* Debug */,
				2A6BC9105F47DE8300000001 /* Release */,
			);
			defaultConfigurationIsVisible = 0;
			defaultConfigurationName = Release;
		};
		B9ED0A746C1F325800000001 /* Build configuration list for PBXNativeTarget "CarMeetMVP" */ = {
			isa = XCConfigurationList;
			buildConfigurations = (
				92BAF146EC05D83700000001 /* Debug */,
				6058413E72CDFBA900000001 /* Release */,
			);
			defaultConfigurationIsVisible = 0;
			defaultConfigurationName = Release;
		};
/* End XCConfigurationList section */
	};
	rootObject = 930E2B5A4F8C716D00000001 /* Project object */;
}
